// !$*UTF8*$!
{
	archiveVersion = 1;
	classes = {
	};
	objectVersion = 46;
	objects = {

/* Begin PBXBuildFile section */
		DAF12AC61D4289E5006C4D85 /* AppDelegate.swift in Sources */ = {isa = PBXBuildFile; fileRef = DAF12AC51D4289E5006C4D85 /* AppDelegate.swift */; };
		DAF12AC81D4289E5006C4D85 /* ViewController.swift in Sources */ = {isa = PBXBuildFile; fileRef = DAF12AC71D4289E5006C4D85 /* ViewController.swift */; };
		DAF12ACA1D4289E5006C4D85 /* Assets.xcassets in Resources */ = {isa = PBXBuildFile; fileRef = DAF12AC91D4289E5006C4D85 /* Assets.xcassets */; };
		DAF12ACD1D4289E5006C4D85 /* Main.storyboard in Resources */ = {isa = PBXBuildFile; fileRef = DAF12ACB1D4289E5006C4D85 /* Main.storyboard */; };
		DAF12AED1D42A7A6006C4D85 /* blink1-tool in Resources */ = {isa = PBXBuildFile; fileRef = DAF12AEC1D42A7A6006C4D85 /* blink1-tool */; };
/* End PBXBuildFile section */

/* Begin PBXFileReference section */
		DAF12AC21D4289E5006C4D85 /* RedLightGreenLight.app */ = {isa = PBXFileReference; explicitFileType = wrapper.application; includeInIndex = 0; path = RedLightGreenLight.app; sourceTree = BUILT_PRODUCTS_DIR; };
		DAF12AC51D4289E5006C4D85 /* AppDelegate.swift */ = {isa = PBXFileReference; lastKnownFileType = sourcecode.swift; path = AppDelegate.swift; sourceTree = "<group>"; };
		DAF12AC71D4289E5006C4D85 /* ViewController.swift */ = {isa = PBXFileReference; lastKnownFileType = sourcecode.swift; path = ViewController.swift; sourceTree = "<group>"; };
		DAF12AC91D4289E5006C4D85 /* Assets.xcassets */ = {isa = PBXFileReference; lastKnownFileType = folder.assetcatalog; path = Assets.xcassets; sourceTree = "<group>"; };
		DAF12ACC1D4289E5006C4D85 /* Base */ = {isa = PBXFileReference; lastKnownFileType = file.storyboard; name = Base; path = Base.lproj/Main.storyboard; sourceTree = "<group>"; };
		DAF12ACE1D4289E5006C4D85 /* Info.plist */ = {isa = PBXFileReference; lastKnownFileType = text.plist.xml; path = Info.plist; sourceTree = "<group>"; };
		DAF12AEC1D42A7A6006C4D85 /* blink1-tool */ = {isa = PBXFileReference; lastKnownFileType = "compiled.mach-o.executable"; path = "blink1-tool"; sourceTree = "<group>"; };
/* End PBXFileReference section */

/* Begin PBXFrameworksBuildPhase section */
		DAF12ABF1D4289E5006C4D85 /* Frameworks */ = {
			isa = PBXFrameworksBuildPhase;
			buildActionMask = 2147483647;
			files = (
			);
			runOnlyForDeploymentPostprocessing = 0;
		};
/* End PBXFrameworksBuildPhase section */

/* Begin PBXGroup section */
		DAF12AB91D4289E5006C4D85 = {
			isa = PBXGroup;
			children = (
				DAF12AC41D4289E5006C4D85 /* RedLightGreenLight */,
				DAF12AC31D4289E5006C4D85 /* Products */,
			);
			sourceTree = "<group>";
		};
		DAF12AC31D4289E5006C4D85 /* Products */ = {
			isa = PBXGroup;
			children = (
				DAF12AC21D4289E5006C4D85 /* RedLightGreenLight.app */,
			);
			name = Products;
			sourceTree = "<group>";
		};
		DAF12AC41D4289E5006C4D85 /* RedLightGreenLight */ = {
			isa = PBXGroup;
			children = (
				DAF12AC51D4289E5006C4D85 /* AppDelegate.swift */,
				DAF12AC71D4289E5006C4D85 /* ViewController.swift */,
				DAF12AC91D4289E5006C4D85 /* Assets.xcassets */,
				DAF12ACB1D4289E5006C4D85 /* Main.storyboard */,
				DAF12ACE1D4289E5006C4D85 /* Info.plist */,
				DAF12AEC1D42A7A6006C4D85 /* blink1-tool */,
			);
			path = RedLightGreenLight;
			sourceTree = "<group>";
		};
/* End PBXGroup section */

/* Begin PBXNativeTarget section */
		DAF12AC11D4289E5006C4D85 /* RedLightGreenLight */ = {
			isa = PBXNativeTarget;
			buildConfigurationList = DAF12AD11D4289E5006C4D85 /* Build configuration list for PBXNativeTarget "RedLightGreenLight" */;
			buildPhases = (
				DAF12ABE1D4289E5006C4D85 /* Sources */,
				DAF12ABF1D4289E5006C4D85 /* Frameworks */,
				DAF12AC01D4289E5006C4D85 /* Resources */,
			);
			buildRules = (
			);
			dependencies = (
			);
			name = RedLightGreenLight;
			productName = RedLightGreenLight;
			productReference = DAF12AC21D4289E5006C4D85 /* RedLightGreenLight.app */;
			productType = "com.apple.product-type.application";
		};
/* End PBXNativeTarget section */

/* Begin PBXProject section */
		DAF12ABA1D4289E5006C4D85 /* Project object */ = {
			isa = PBXProject;
			attributes = {
				LastSwiftUpdateCheck = 0730;
				LastUpgradeCheck = 0730;
				ORGANIZATIONNAME = "Modern Mechanic";
				TargetAttributes = {
					DAF12AC11D4289E5006C4D85 = {
						CreatedOnToolsVersion = 7.3.1;
					};
				};
			};
			buildConfigurationList = DAF12ABD1D4289E5006C4D85 /* Build configuration list for PBXProject "RedLightGreenLight" */;
			compatibilityVersion = "Xcode 3.2";
			developmentRegion = English;
			hasScannedForEncodings = 0;
			knownRegions = (
				en,
				Base,
			);
			mainGroup = DAF12AB91D4289E5006C4D85;
			productRefGroup = DAF12AC31D4289E5006C4D85 /* Products */;
			projectDirPath = "";
			projectRoot = "";
			targets = (
				DAF12AC11D4289E5006C4D85 /* RedLightGreenLight */,
			);
		};
/* End PBXProject section */

/* Begin PBXResourcesBuildPhase section */
		DAF12AC01D4289E5006C4D85 /* Resources */ = {
			isa = PBXResourcesBuildPhase;
			buildActionMask = 2147483647;
			files = (
				DAF12AED1D42A7A6006C4D85 /* blink1-tool in Resources */,
				DAF12ACA1D4289E5006C4D85 /* Assets.xcassets in Resources */,
				DAF12ACD1D4289E5006C4D85 /* Main.storyboard in Resources */,
			);
			runOnlyForDeploymentPostprocessing = 0;
		};
/* End PBXResourcesBuildPhase section */

/* Begin PBXSourcesBuildPhase section */
		DAF12ABE1D4289E5006C4D85 /* Sources */ = {
			isa = PBXSourcesBuildPhase;
			buildActionMask = 2147483647;
			files = (
				DAF12AC81D4289E5006C4D85 /* ViewController.swift in Sources */,
				DAF12AC61D4289E5006C4D85 /* AppDelegate.swift in Sources */,
			);
			runOnlyForDeploymentPostprocessing = 0;
		};
/* End PBXSourcesBuildPhase section */

/* Begin PBXVariantGroup section */
		DAF12ACB1D4289E5006C4D85 /* Main.storyboard */ = {
			isa = PBXVariantGroup;
			children = (
				DAF12ACC1D4289E5006C4D85 /* Base */,
			);
			name = Main.storyboard;
			sourceTree = "<group>";
		};
/* End PBXVariantGroup section */

/* Begin XCBuildConfiguration section */
		DAF12ACF1D4289E5006C4D85 /* Debug */ = {
			isa = XCBuildConfiguration;
			buildSettings = {
				ALWAYS_SEARCH_USER_PATHS = NO;
				CLANG_ANALYZER_NONNULL = YES;
				CLANG_CXX_LANGUAGE_STANDARD = "gnu++0x";
				CLANG_CXX_LIBRARY = "libc++";
				CLANG_ENABLE_MODULES = YES;
				CLANG_ENABLE_OBJC_ARC = YES;
				CLANG_WARN_BOOL_CONVERSION = YES;
				CLANG_WARN_CONSTANT_CONVERSION = YES;
				CLANG_WARN_DIRECT_OBJC_ISA_USAGE = YES_ERROR;
				CLANG_WARN_EMPTY_BODY = YES;
				CLANG_WARN_ENUM_CONVERSION = YES;
				CLANG_WARN_INT_CONVERSION = YES;
				CLANG_WARN_OBJC_ROOT_CLASS = YES_ERROR;
				CLANG_WARN_UNREACHABLE_CODE = YES;
				CLANG_WARN__DUPLICATE_METHOD_MATCH = YES;
				CODE_SIGN_IDENTITY = "-";
				COPY_PHASE_STRIP = NO;
				DEBUG_INFORMATION_FORMAT = dwarf;
				ENABLE_STRICT_OBJC_MSGSEND = YES;
				ENABLE_TESTABILITY = YES;
				GCC_C_LANGUAGE_STANDARD = gnu99;
				GCC_DYNAMIC_NO_PIC = NO;
				GCC_NO_COMMON_BLOCKS = YES;
				GCC_OPTIMIZATION_LEVEL = 0;
				GCC_PREPROCESSOR_DEFINITIONS = (
					"DEBUG=1",
					"$(inherited)",
				);
				GCC_WARN_64_TO_32_BIT_CONVERSION = YES;
				GCC_WARN_ABOUT_RETURN_TYPE = YES_ERROR;
				GCC_WARN_UNDECLARED_SELECTOR = YES;
				GCC_WARN_UNINITIALIZED_AUTOS = YES_AGGRESSIVE;
				GCC_WARN_UNUSED_FUNCTION = YES;
				GCC_WARN_UNUSED_VARIABLE = YES;
				MACOSX_DEPLOYMENT_TARGET = 10.11;
				MTL_ENABLE_DEBUG_INFO = YES;
				ONLY_ACTIVE_ARCH = YES;
				SDKROOT = macosx;
				SWIFT_OPTIMIZATION_LEVEL = "-Onone";
			};
			name = Debug;
		};
		DAF12AD01D4289E5006C4D85 /* Release */ = {
			isa = XCBuildConfiguration;
			buildSettings = {
				ALWAYS_SEARCH_USER_PATHS = NO;
				CLANG_ANALYZER_NONNULL = YES;
				CLANG_CXX_LANGUAGE_STANDARD = "gnu++0x";
				CLANG_CXX_LIBRARY = "libc++";
				CLANG_ENABLE_MODULES = YES;
				CLANG_ENABLE_OBJC_ARC = YES;
				CLANG_WARN_BOOL_CONVERSION = YES;
				CLANG_WARN_CONSTANT_CONVERSION = YES;
				CLANG_WARN_DIRECT_OBJC_ISA_USAGE = YES_ERROR;
				CLANG_WARN_EMPTY_BODY = YES;
				CLANG_WARN_ENUM_CONVERSION = YES;
				CLANG_WARN_INT_CONVERSION = YES;
				CLANG_WARN_OBJC_ROOT_CLASS = YES_ERROR;
				CLANG_WARN_UNREACHABLE_CODE = YES;
				CLANG_WARN__DUPLICATE_METHOD_MATCH = YES;
				CODE_SIGN_IDENTITY = "-";
				COPY_PHASE_STRIP = NO;
				DEBUG_INFORMATION_FORMAT = "dwarf-with-dsym";
				ENABLE_NS_ASSERTIONS = NO;
				ENABLE_STRICT_OBJC_MSGSEND = YES;
				GCC_C_LANGUAGE_STANDARD = gnu99;
				GCC_NO_COMMON_BLOCKS = YES;
				GCC_WARN_64_TO_32_BIT_CONVERSION = YES;
				GCC_WARN_ABOUT_RETURN_TYPE = YES_ERROR;
				GCC_WARN_UNDECLARED_SELECTOR = YES;
				GCC_WARN_UNINITIALIZED_AUTOS = YES_AGGRESSIVE;
				GCC_WARN_UNUSED_FUNCTION = YES;
				GCC_WARN_UNUSED_VARIABLE = YES;
				MACOSX_DEPLOYMENT_TARGET = 10.11;
				MTL_ENABLE_DEBUG_INFO = NO;
				SDKROOT = macosx;
			};
			name = Release;
		};
		DAF12AD21D4289E5006C4D85 /* Debug */ = {
			isa = XCBuildConfiguration;
			buildSettings = {
				ASSETCATALOG_COMPILER_APPICON_NAME = AppIcon;
				COMBINE_HIDPI_IMAGES = YES;
				INFOPLIST_FILE = RedLightGreenLight/Info.plist;
				LD_RUNPATH_SEARCH_PATHS = "$(inherited) @executable_path/../Frameworks";
				PRODUCT_BUNDLE_IDENTIFIER = com.modernmechanic.RedLightGreenLight;
				PRODUCT_NAME = "$(TARGET_NAME)";
			};
			name = Debug;
		};
		DAF12AD31D4289E5006C4D85 /* Release */ = {
			isa = XCBuildConfiguration;
			buildSettings = {
				ASSETCATALOG_COMPILER_APPICON_NAME = AppIcon;
				COMBINE_HIDPI_IMAGES = YES;
				INFOPLIST_FILE = RedLightGreenLight/Info.plist;
				LD_RUNPATH_SEARCH_PATHS = "$(inherited) @executable_path/../Frameworks";
				PRODUCT_BUNDLE_IDENTIFIER = com.modernmechanic.RedLightGreenLight;
				PRODUCT_NAME = "$(TARGET_NAME)";
			};
			name = Release;
		};
/* End XCBuildConfiguration section */

/* Begin XCConfigurationList section */
		DAF12ABD1D4289E5006C4D85 /* Build configuration list for PBXProject "RedLightGreenLight" */ = {
			isa = XCConfigurationList;
			buildConfigurations = (
				DAF12ACF1D4289E5006C4D85 /* Debug */,
				DAF12AD01D4289E5006C4D85 /* Release */,
			);
			defaultConfigurationIsVisible = 0;
			defaultConfigurationName = Release;
		};
		DAF12AD11D4289E5006C4D85 /* Build configuration list for PBXNativeTarget "RedLightGreenLight" */ = {
			isa = XCConfigurationList;
			buildConfigurations = (
				DAF12AD21D4289E5006C4D85 /* Debug */,
				DAF12AD31D4289E5006C4D85 /* Release */,
			);
			defaultConfigurationIsVisible = 0;
			defaultConfigurationName = Release;
		};
/* End XCConfigurationList section */
	};
	rootObject = DAF12ABA1D4289E5006C4D85 /* Project object */;
}
